
Microsoft Visual Studio Solution File, Format Version 12.00
# Visual Studio 2012
Project("{888888A0-9F3D-457C-B088-3A5042F75D52}") = "CaptureTheFlag", "CaptureTheFlag.pyproj", "{38BE88EC-7144-49BA-955F-4E3EEC3D1B99}"
EndProject
Global
	GlobalSection(SolutionConfigurationPlatforms) = preSolution
		Debug|Any CPU = Debug|Any CPU
		Release|Any CPU = Release|Any CPU
	EndGlobalSection
	GlobalSection(ProjectConfigurationPlatforms) = postSolution
		{38BE88EC-7144-49BA-955F-4E3EEC3D1B99}.Debug|Any CPU.ActiveCfg = Debug|Any CPU
		{38BE88EC-7144-49BA-955F-4E3EEC3D1B99}.Release|Any CPU.ActiveCfg = Release|Any CPU
	EndGlobalSection
	GlobalSection(SolutionProperties) = preSolution
		HideSolutionNode = FALSE
	EndGlobalSection
EndGlobal
